// !$*UTF8*$!
{
	archiveVersion = 1;
	classes = {
	};
	objectVersion = 46;
	objects = {

/* Begin PBXBuildFile section */
		71010CAC1D0CD68A00D2397A /* MainViewController.swift in Sources */ = {isa = PBXBuildFile; fileRef = 71010CAB1D0CD68A00D2397A /* MainViewController.swift */; };
		71010CAF1D0CEB4900D2397A /* ExchangeViewController.swift in Sources */ = {isa = PBXBuildFile; fileRef = 71010CAD1D0CEB4900D2397A /* ExchangeViewController.swift */; };
		71010CB01D0CEB4900D2397A /* ExchangeViewController.xib in Resources */ = {isa = PBXBuildFile; fileRef = 71010CAE1D0CEB4900D2397A /* ExchangeViewController.xib */; };
		71010CB31D0CEFA400D2397A /* GasViewController.swift in Sources */ = {isa = PBXBuildFile; fileRef = 71010CB11D0CEFA400D2397A /* GasViewController.swift */; };
		71010CB41D0CEFA400D2397A /* GasViewController.xib in Resources */ = {isa = PBXBuildFile; fileRef = 71010CB21D0CEFA400D2397A /* GasViewController.xib */; };
		71010CB71D0CEFD100D2397A /* MealViewController.swift in Sources */ = {isa = PBXBuildFile; fileRef = 71010CB51D0CEFD100D2397A /* MealViewController.swift */; };
		71010CB81D0CEFD100D2397A /* MealViewController.xib in Resources */ = {isa = PBXBuildFile; fileRef = 71010CB61D0CEFD100D2397A /* MealViewController.xib */; };
		71010CBB1D0CF02600D2397A /* EqualViewController.swift in Sources */ = {isa = PBXBuildFile; fileRef = 71010CB91D0CF02600D2397A /* EqualViewController.swift */; };
		71010CBC1D0CF02600D2397A /* EqualViewController.xib in Resources */ = {isa = PBXBuildFile; fileRef = 71010CBA1D0CF02600D2397A /* EqualViewController.xib */; };
		71792E311CC3119F008EAAAF /* AppDelegate.swift in Sources */ = {isa = PBXBuildFile; fileRef = 71792E301CC3119F008EAAAF /* AppDelegate.swift */; };
		71792E361CC3119F008EAAAF /* Main.storyboard in Resources */ = {isa = PBXBuildFile; fileRef = 71792E341CC3119F008EAAAF /* Main.storyboard */; };
		71792E391CC3119F008EAAAF /* Trip_Buddy.xcdatamodeld in Sources */ = {isa = PBXBuildFile; fileRef = 71792E371CC3119F008EAAAF /* Trip_Buddy.xcdatamodeld */; };
		71792E3B1CC3119F008EAAAF /* Assets.xcassets in Resources */ = {isa = PBXBuildFile; fileRef = 71792E3A1CC3119F008EAAAF /* Assets.xcassets */; };
		71792E3E1CC3119F008EAAAF /* LaunchScreen.storyboard in Resources */ = {isa = PBXBuildFile; fileRef = 71792E3C1CC3119F008EAAAF /* LaunchScreen.storyboard */; };
		718299E61CCADCAC0069F92D /* ParentViewController.swift in Sources */ = {isa = PBXBuildFile; fileRef = 718299E51CCADCAC0069F92D /* ParentViewController.swift */; };
		719496951CC9E46C00299AC2 /* ProgramData.swift in Sources */ = {isa = PBXBuildFile; fileRef = 719496931CC9E46C00299AC2 /* ProgramData.swift */; };
		71D0B9301D116FCD004BBEE9 /* HelpViewController.swift in Sources */ = {isa = PBXBuildFile; fileRef = 71D0B92F1D116FCD004BBEE9 /* HelpViewController.swift */; };
/* End PBXBuildFile section */

/* Begin PBXFileReference section */
		71010CAB1D0CD68A00D2397A /* MainViewController.swift */ = {isa = PBXFileReference; fileEncoding = 4; lastKnownFileType = sourcecode.swift; path = MainViewController.swift; sourceTree = "<group>"; };
		71010CAD1D0CEB4900D2397A /* ExchangeViewController.swift */ = {isa = PBXFileReference; fileEncoding = 4; lastKnownFileType = sourcecode.swift; path = ExchangeViewController.swift; sourceTree = "<group>"; };
		71010CAE1D0CEB4900D2397A /* ExchangeViewController.xib */ = {isa = PBXFileReference; fileEncoding = 4; lastKnownFileType = file.xib; path = ExchangeViewController.xib; sourceTree = "<group>"; };
		71010CB11D0CEFA400D2397A /* GasViewController.swift */ = {isa = PBXFileReference; fileEncoding = 4; lastKnownFileType = sourcecode.swift; path = GasViewController.swift; sourceTree = "<group>"; };
		71010CB21D0CEFA400D2397A /* GasViewController.xib */ = {isa = PBXFileReference; fileEncoding = 4; lastKnownFileType = file.xib; path = GasViewController.xib; sourceTree = "<group>"; };
		71010CB51D0CEFD100D2397A /* MealViewController.swift */ = {isa = PBXFileReference; fileEncoding = 4; lastKnownFileType = sourcecode.swift; path = MealViewController.swift; sourceTree = "<group>"; };
		71010CB61D0CEFD100D2397A /* MealViewController.xib */ = {isa = PBXFileReference; fileEncoding = 4; lastKnownFileType = file.xib; path = MealViewController.xib; sourceTree = "<group>"; };
		71010CB91D0CF02600D2397A /* EqualViewController.swift */ = {isa = PBXFileReference; fileEncoding = 4; lastKnownFileType = sourcecode.swift; path = EqualViewController.swift; sourceTree = "<group>"; };
		71010CBA1D0CF02600D2397A /* EqualViewController.xib */ = {isa = PBXFileReference; fileEncoding = 4; lastKnownFileType = file.xib; path = EqualViewController.xib; sourceTree = "<group>"; };
		71792E2D1CC3119E008EAAAF /* Trip Buddy.app */ = {isa = PBXFileReference; explicitFileType = wrapper.application; includeInIndex = 0; path = "Trip Buddy.app"; sourceTree = BUILT_PRODUCTS_DIR; };
		71792E301CC3119F008EAAAF /* AppDelegate.swift */ = {isa = PBXFileReference; lastKnownFileType = sourcecode.swift; path = AppDelegate.swift; sourceTree = "<group>"; };
		71792E351CC3119F008EAAAF /* Base */ = {isa = PBXFileReference; lastKnownFileType = file.storyboard; name = Base; path = Base.lproj/Main.storyboard; sourceTree = "<group>"; };
		71792E381CC3119F008EAAAF /* Trip_Buddy.xcdatamodel */ = {isa = PBXFileReference; lastKnownFileType = wrapper.xcdatamodel; path = Trip_Buddy.xcdatamodel; sourceTree = "<group>"; };
		71792E3A1CC3119F008EAAAF /* Assets.xcassets */ = {isa = PBXFileReference; lastKnownFileType = folder.assetcatalog; path = Assets.xcassets; sourceTree = "<group>"; };
		71792E3D1CC3119F008EAAAF /* Base */ = {isa = PBXFileReference; lastKnownFileType = file.storyboard; name = Base; path = Base.lproj/LaunchScreen.storyboard; sourceTree = "<group>"; };
		71792E3F1CC3119F008EAAAF /* Info.plist */ = {isa = PBXFileReference; lastKnownFileType = text.plist.xml; path = Info.plist; sourceTree = "<group>"; };
		718299E51CCADCAC0069F92D /* ParentViewController.swift */ = {isa = PBXFileReference; fileEncoding = 4; lastKnownFileType = sourcecode.swift; path = ParentViewController.swift; sourceTree = "<group>"; };
		719496931CC9E46C00299AC2 /* ProgramData.swift */ = {isa = PBXFileReference; fileEncoding = 4; lastKnownFileType = sourcecode.swift; path = ProgramData.swift; sourceTree = "<group>"; };
		71D0B92F1D116FCD004BBEE9 /* HelpViewController.swift */ = {isa = PBXFileReference; fileEncoding = 4; lastKnownFileType = sourcecode.swift; path = HelpViewController.swift; sourceTree = "<group>"; };
/* End PBXFileReference section */

/* Begin PBXFrameworksBuildPhase section */
		71792E2A1CC3119E008EAAAF /* Frameworks */ = {
			isa = PBXFrameworksBuildPhase;
			buildActionMask = 2147483647;
			files = (
			);
			runOnlyForDeploymentPostprocessing = 0;
		};
/* End PBXFrameworksBuildPhase section */

/* Begin PBXGroup section */
		71792E241CC3119E008EAAAF = {
			isa = PBXGroup;
			children = (
				71792E2F1CC3119F008EAAAF /* Trip Buddy */,
				71792E2E1CC3119E008EAAAF /* Products */,
			);
			sourceTree = "<group>";
		};
		71792E2E1CC3119E008EAAAF /* Products */ = {
			isa = PBXGroup;
			children = (
				71792E2D1CC3119E008EAAAF /* Trip Buddy.app */,
			);
			name = Products;
			sourceTree = "<group>";
		};
		71792E2F1CC3119F008EAAAF /* Trip Buddy */ = {
			isa = PBXGroup;
			children = (
				71792E301CC3119F008EAAAF /* AppDelegate.swift */,
				71010CAB1D0CD68A00D2397A /* MainViewController.swift */,
				718299E51CCADCAC0069F92D /* ParentViewController.swift */,
				71010CAD1D0CEB4900D2397A /* ExchangeViewController.swift */,
				71010CAE1D0CEB4900D2397A /* ExchangeViewController.xib */,
				71010CB11D0CEFA400D2397A /* GasViewController.swift */,
				71010CB21D0CEFA400D2397A /* GasViewController.xib */,
				71010CB51D0CEFD100D2397A /* MealViewController.swift */,
				71010CB61D0CEFD100D2397A /* MealViewController.xib */,
				71010CB91D0CF02600D2397A /* EqualViewController.swift */,
				71010CBA1D0CF02600D2397A /* EqualViewController.xib */,
				71D0B92F1D116FCD004BBEE9 /* HelpViewController.swift */,
				719496931CC9E46C00299AC2 /* ProgramData.swift */,
				71792E341CC3119F008EAAAF /* Main.storyboard */,
				71792E3A1CC3119F008EAAAF /* Assets.xcassets */,
				71792E3C1CC3119F008EAAAF /* LaunchScreen.storyboard */,
				71792E3F1CC3119F008EAAAF /* Info.plist */,
				71792E371CC3119F008EAAAF /* Trip_Buddy.xcdatamodeld */,
			);
			path = "Trip Buddy";
			sourceTree = "<group>";
		};
/* End PBXGroup section */

/* Begin PBXNativeTarget section */
		71792E2C1CC3119E008EAAAF /* Trip Buddy */ = {
			isa = PBXNativeTarget;
			buildConfigurationList = 71792E421CC3119F008EAAAF /* Build configuration list for PBXNativeTarget "Trip Buddy" */;
			buildPhases = (
				71792E291CC3119E008EAAAF /* Sources */,
				71792E2A1CC3119E008EAAAF /* Frameworks */,
				71792E2B1CC3119E008EAAAF /* Resources */,
			);
			buildRules = (
			);
			dependencies = (
			);
			name = "Trip Buddy";
			productName = "Trip Buddy";
			productReference = 71792E2D1CC3119E008EAAAF /* Trip Buddy.app */;
			productType = "com.apple.product-type.application";
		};
/* End PBXNativeTarget section */

/* Begin PBXProject section */
		71792E251CC3119E008EAAAF /* Project object */ = {
			isa = PBXProject;
			attributes = {
				LastSwiftUpdateCheck = 0730;
				LastUpgradeCheck = 0730;
				ORGANIZATIONNAME = "Kaiyode Software";
				TargetAttributes = {
					71792E2C1CC3119E008EAAAF = {
						CreatedOnToolsVersion = 7.3;
					};
				};
			};
			buildConfigurationList = 71792E281CC3119E008EAAAF /* Build configuration list for PBXProject "Trip Buddy" */;
			compatibilityVersion = "Xcode 3.2";
			developmentRegion = English;
			hasScannedForEncodings = 0;
			knownRegions = (
				en,
				Base,
			);
			mainGroup = 71792E241CC3119E008EAAAF;
			productRefGroup = 71792E2E1CC3119E008EAAAF /* Products */;
			projectDirPath = "";
			projectRoot = "";
			targets = (
				71792E2C1CC3119E008EAAAF /* Trip Buddy */,
			);
		};
/* End PBXProject section */

/* Begin PBXResourcesBuildPhase section */
		71792E2B1CC3119E008EAAAF /* Resources */ = {
			isa = PBXResourcesBuildPhase;
			buildActionMask = 2147483647;
			files = (
				71010CBC1D0CF02600D2397A /* EqualViewController.xib in Resources */,
				71792E3E1CC3119F008EAAAF /* LaunchScreen.storyboard in Resources */,
				71792E3B1CC3119F008EAAAF /* Assets.xcassets in Resources */,
				71010CB41D0CEFA400D2397A /* GasViewController.xib in Resources */,
				71010CB01D0CEB4900D2397A /* ExchangeViewController.xib in Resources */,
				71792E361CC3119F008EAAAF /* Main.storyboard in Resources */,
				71010CB81D0CEFD100D2397A /* MealViewController.xib in Resources */,
			);
			runOnlyForDeploymentPostprocessing = 0;
		};
/* End PBXResourcesBuildPhase section */

/* Begin PBXSourcesBuildPhase section */
		71792E291CC3119E008EAAAF /* Sources */ = {
			isa = PBXSourcesBuildPhase;
			buildActionMask = 2147483647;
			files = (
				71010CB31D0CEFA400D2397A /* GasViewController.swift in Sources */,
				71792E391CC3119F008EAAAF /* Trip_Buddy.xcdatamodeld in Sources */,
				718299E61CCADCAC0069F92D /* ParentViewController.swift in Sources */,
				71792E311CC3119F008EAAAF /* AppDelegate.swift in Sources */,
				71010CAC1D0CD68A00D2397A /* MainViewController.swift in Sources */,
				71010CB71D0CEFD100D2397A /* MealViewController.swift in Sources */,
				719496951CC9E46C00299AC2 /* ProgramData.swift in Sources */,
				71010CAF1D0CEB4900D2397A /* ExchangeViewController.swift in Sources */,
				71010CBB1D0CF02600D2397A /* EqualViewController.swift in Sources */,
				71D0B9301D116FCD004BBEE9 /* HelpViewController.swift in Sources */,
			);
			runOnlyForDeploymentPostprocessing = 0;
		};
/* End PBXSourcesBuildPhase section */

/* Begin PBXVariantGroup section */
		71792E341CC3119F008EAAAF /* Main.storyboard */ = {
			isa = PBXVariantGroup;
			children = (
				71792E351CC3119F008EAAAF /* Base */,
			);
			name = Main.storyboard;
			sourceTree = "<group>";
		};
		71792E3C1CC3119F008EAAAF /* LaunchScreen.storyboard */ = {
			isa = PBXVariantGroup;
			children = (
				71792E3D1CC3119F008EAAAF /* Base */,
			);
			name = LaunchScreen.storyboard;
			sourceTree = "<group>";
		};
/* End PBXVariantGroup section */

/* Begin XCBuildConfiguration section */
		71792E401CC3119F008EAAAF /* Debug */ = {
			isa = XCBuildConfiguration;
			buildSettings = {
				ALWAYS_SEARCH_USER_PATHS = NO;
				CLANG_ANALYZER_NONNULL = YES;
				CLANG_CXX_LANGUAGE_STANDARD = "gnu++0x";
				CLANG_CXX_LIBRARY = "libc++";
				CLANG_ENABLE_MODULES = YES;
				CLANG_ENABLE_OBJC_ARC = YES;
				CLANG_WARN_BOOL_CONVERSION = YES;
				CLANG_WARN_CONSTANT_CONVERSION = YES;
				CLANG_WARN_DIRECT_OBJC_ISA_USAGE = YES_ERROR;
				CLANG_WARN_EMPTY_BODY = YES;
				CLANG_WARN_ENUM_CONVERSION = YES;
				CLANG_WARN_INT_CONVERSION = YES;
				CLANG_WARN_OBJC_ROOT_CLASS = YES_ERROR;
				CLANG_WARN_UNREACHABLE_CODE = YES;
				CLANG_WARN__DUPLICATE_METHOD_MATCH = YES;
				"CODE_SIGN_IDENTITY[sdk=iphoneos*]" = "iPhone Developer";
				COPY_PHASE_STRIP = NO;
				DEBUG_INFORMATION_FORMAT = dwarf;
				ENABLE_STRICT_OBJC_MSGSEND = YES;
				ENABLE_TESTABILITY = YES;
				GCC_C_LANGUAGE_STANDARD = gnu99;
				GCC_DYNAMIC_NO_PIC = NO;
				GCC_NO_COMMON_BLOCKS = YES;
				GCC_OPTIMIZATION_LEVEL = 0;
				GCC_PREPROCESSOR_DEFINITIONS = (
					"DEBUG=1",
					"$(inherited)",
				);
				GCC_WARN_64_TO_32_BIT_CONVERSION = YES;
				GCC_WARN_ABOUT_RETURN_TYPE = YES_ERROR;
				GCC_WARN_UNDECLARED_SELECTOR = YES;
				GCC_WARN_UNINITIALIZED_AUTOS = YES_AGGRESSIVE;
				GCC_WARN_UNUSED_FUNCTION = YES;
				GCC_WARN_UNUSED_VARIABLE = YES;
				IPHONEOS_DEPLOYMENT_TARGET = 9.3;
				MTL_ENABLE_DEBUG_INFO = YES;
				ONLY_ACTIVE_ARCH = YES;
				SDKROOT = iphoneos;
				SWIFT_OPTIMIZATION_LEVEL = "-Onone";
				TARGETED_DEVICE_FAMILY = "1,2";
			};
			name = Debug;
		};
		71792E411CC3119F008EAAAF /* Release */ = {
			isa = XCBuildConfiguration;
			buildSettings = {
				ALWAYS_SEARCH_USER_PATHS = NO;
				CLANG_ANALYZER_NONNULL = YES;
				CLANG_CXX_LANGUAGE_STANDARD = "gnu++0x";
				CLANG_CXX_LIBRARY = "libc++";
				CLANG_ENABLE_MODULES = YES;
				CLANG_ENABLE_OBJC_ARC = YES;
				CLANG_WARN_BOOL_CONVERSION = YES;
				CLANG_WARN_CONSTANT_CONVERSION = YES;
				CLANG_WARN_DIRECT_OBJC_ISA_USAGE = YES_ERROR;
				CLANG_WARN_EMPTY_BODY = YES;
				CLANG_WARN_ENUM_CONVERSION = YES;
				CLANG_WARN_INT_CONVERSION = YES;
				CLANG_WARN_OBJC_ROOT_CLASS = YES_ERROR;
				CLANG_WARN_UNREACHABLE_CODE = YES;
				CLANG_WARN__DUPLICATE_METHOD_MATCH = YES;
				"CODE_SIGN_IDENTITY[sdk=iphoneos*]" = "iPhone Developer";
				COPY_PHASE_STRIP = NO;
				DEBUG_INFORMATION_FORMAT = "dwarf-with-dsym";
				ENABLE_NS_ASSERTIONS = NO;
				ENABLE_STRICT_OBJC_MSGSEND = YES;
				GCC_C_LANGUAGE_STANDARD = gnu99;
				GCC_NO_COMMON_BLOCKS = YES;
				GCC_WARN_64_TO_32_BIT_CONVERSION = YES;
				GCC_WARN_ABOUT_RETURN_TYPE = YES_ERROR;
				GCC_WARN_UNDECLARED_SELECTOR = YES;
				GCC_WARN_UNINITIALIZED_AUTOS = YES_AGGRESSIVE;
				GCC_WARN_UNUSED_FUNCTION = YES;
				GCC_WARN_UNUSED_VARIABLE = YES;
				IPHONEOS_DEPLOYMENT_TARGET = 9.3;
				MTL_ENABLE_DEBUG_INFO = NO;
				SDKROOT = iphoneos;
				TARGETED_DEVICE_FAMILY = "1,2";
				VALIDATE_PRODUCT = YES;
			};
			name = Release;
		};
		71792E431CC3119F008EAAAF /* Debug */ = {
			isa = XCBuildConfiguration;
			buildSettings = {
				ASSETCATALOG_COMPILER_APPICON_NAME = AppIcon;
				CODE_SIGN_IDENTITY = "iPhone Developer";
				INFOPLIST_FILE = "Trip Buddy/Info.plist";
				LD_RUNPATH_SEARCH_PATHS = "$(inherited) @executable_path/Frameworks";
				PRODUCT_BUNDLE_IDENTIFIER = "com.Kaiyode.Trip-Buddy";
				PRODUCT_NAME = "$(TARGET_NAME)";
			};
			name = Debug;
		};
		71792E441CC3119F008EAAAF /* Release */ = {
			isa = XCBuildConfiguration;
			buildSettings = {
				ASSETCATALOG_COMPILER_APPICON_NAME = AppIcon;
				CODE_SIGN_IDENTITY = "iPhone Developer";
				INFOPLIST_FILE = "Trip Buddy/Info.plist";
				LD_RUNPATH_SEARCH_PATHS = "$(inherited) @executable_path/Frameworks";
				PRODUCT_BUNDLE_IDENTIFIER = "com.Kaiyode.Trip-Buddy";
				PRODUCT_NAME = "$(TARGET_NAME)";
			};
			name = Release;
		};
/* End XCBuildConfiguration section */

/* Begin XCConfigurationList section */
		71792E281CC3119E008EAAAF /* Build configuration list for PBXProject "Trip Buddy" */ = {
			isa = XCConfigurationList;
			buildConfigurations = (
				71792E401CC3119F008EAAAF /* Debug */,
				71792E411CC3119F008EAAAF /* Release */,
			);
			defaultConfigurationIsVisible = 0;
			defaultConfigurationName = Release;
		};
		71792E421CC3119F008EAAAF /* Build configuration list for PBXNativeTarget "Trip Buddy" */ = {
			isa = XCConfigurationList;
			buildConfigurations = (
				71792E431CC3119F008EAAAF /* Debug */,
				71792E441CC3119F008EAAAF /* Release */,
			);
			defaultConfigurationIsVisible = 0;
			defaultConfigurationName = Release;
		};
/* End XCConfigurationList section */

/* Begin XCVersionGroup section */
		71792E371CC3119F008EAAAF /* Trip_Buddy.xcdatamodeld */ = {
			isa = XCVersionGroup;
			children = (
				71792E381CC3119F008EAAAF /* Trip_Buddy.xcdatamodel */,
			);
			currentVersion = 71792E381CC3119F008EAAAF /* Trip_Buddy.xcdatamodel */;
			path = Trip_Buddy.xcdatamodeld;
			sourceTree = "<group>";
			versionGroupType = wrapper.xcdatamodel;
		};
/* End XCVersionGroup section */
	};
	rootObject = 71792E251CC3119E008EAAAF /* Project object */;
}
